# This file is generated by running "yarn install" inside your project.
# Manual changes might be lost - proceed with caution!

__metadata:
  version: 6
  cacheKey: 8

"consola@npm:3.2.2":
  version: 3.2.2
  resolution: "consola@npm:3.2.2"
  checksum: 3c22102f74b4dc1519ab2a3096b1975a8b767f258027cef9888ca9d999ed79388e390b969474bce0b42aade73cd2689f62ca511e530a06bf842092f8ef1bf7a6
  languageName: node
  linkType: hard

"fixture-yarn-berry-v4@workspace:.":
  version: 0.0.0-use.local
  resolution: "fixture-yarn-berry-v4@workspace:."
  dependencies:
    consola: 3.2.2
  languageName: unknown
  linkType: soft
