{
  "name": "fixture-npm",
  "lockfileVersion": 3,
  "requires": true,
  "packages": {
    "": {
      "name": "fixture-npm",
      "workspaces": [
        "packages/workspace-a"
      ],
      "dependencies": {
        "consola": "3.2.2"
      }
    },
    "node_modules/consola": {
      "version": "3.2.2",
      "license": "MIT",
      "engines": {
        "node": "^14.18.0 || >=16.10.0"
      }
    },
    "node_modules/ufo": {
      "version": "1.1.2",
      "dev": true,
      "license": "MIT"
    },
    "node_modules/workspace-a": {
      "resolved": "packages/workspace-a",
      "link": true
    },
    "packages/workspace-a": {
      "devDependencies": {
        "ufo": "1.1.2"
      }
    }
  }
}
