{
  "name": "fixture-npm",
  "version": "0.0.0",
  "lockfileVersion": 2,
  "requires": true,
  "packages": {
    "": {
      "name": "fixture-npm",
      "version": "0.0.0",
      "dependencies": {
        "pathe": "^1.0.0"
      },
      "devDependencies": {
        "ufo": "^1.0.1"
      }
    },
    "node_modules/pathe": {
      "version": "1.0.0",
      "resolved": "https://registry.npmjs.org/pathe/-/pathe-1.0.0.tgz",
      "integrity": "sha512-nPdMG0Pd09HuSsr7QOKUXO2Jr9eqaDiZvDwdyIhNG5SHYujkQHYKDfGQkulBxvbDHz8oHLsTgKN86LSwYzSHAg=="
    },
    "node_modules/ufo": {
      "version": "1.0.1",
      "resolved": "https://registry.npmjs.org/ufo/-/ufo-1.0.1.tgz",
      "integrity": "sha512-boAm74ubXHY7KJQZLlXrtMz52qFvpsbOxDcZOnw/Wf+LS4Mmyu7JxmzD4tDLtUQtmZECypJ0FrCz4QIe6dvKRA==",
      "dev": true
    }
  },
  "dependencies": {
    "pathe": {
      "version": "1.0.0",
      "resolved": "https://registry.npmjs.org/pathe/-/pathe-1.0.0.tgz",
      "integrity": "sha512-nPdMG0Pd09HuSsr7QOKUXO2Jr9eqaDiZvDwdyIhNG5SHYujkQHYKDfGQkulBxvbDHz8oHLsTgKN86LSwYzSHAg=="
    },
    "ufo": {
      "version": "1.0.1",
      "resolved": "https://registry.npmjs.org/ufo/-/ufo-1.0.1.tgz",
      "integrity": "sha512-boAm74ubXHY7KJQZLlXrtMz52qFvpsbOxDcZOnw/Wf+LS4Mmyu7JxmzD4tDLtUQtmZECypJ0FrCz4QIe6dvKRA==",
      "dev": true
    }
  }
}
