{
  "name": "fixture-npm",
  "version": "0.0.0",
  "lockfileVersion": 2,
  "requires": true,
  "packages": {
    "": {
      "name": "fixture-npm",
      "version": "0.0.0",
      "workspaces": [
        "packages/workspace-a"
      ]
    },
    "node_modules/ufo": {
      "version": "1.1.1",
      "resolved": "https://registry.npmjs.org/ufo/-/ufo-1.1.1.tgz",
      "integrity": "sha512-MvlCc4GHrmZdAllBc0iUDowff36Q9Ndw/UzqmEKyrfSzokTd9ZCy1i+IIk5hrYKkjoYVQyNbrw7/F8XJ2rEwTg==",
      "dev": true
    },
    "node_modules/workspace-a": {
      "resolved": "packages/workspace-a",
      "link": true
    },
    "packages/workspace-a": {
      "version": "0.0.0",
      "devDependencies": {
        "ufo": "^1.1.1"
      }
    }
  },
  "dependencies": {
    "ufo": {
      "version": "1.1.1",
      "resolved": "https://registry.npmjs.org/ufo/-/ufo-1.1.1.tgz",
      "integrity": "sha512-MvlCc4GHrmZdAllBc0iUDowff36Q9Ndw/UzqmEKyrfSzokTd9ZCy1i+IIk5hrYKkjoYVQyNbrw7/F8XJ2rEwTg==",
      "dev": true
    },
    "workspace-a": {
      "version": "file:packages/workspace-a",
      "requires": {
        "ufo": "^1.1.1"
      }
    }
  }
}
