{
  "lockfileVersion": 1,
  "workspaces": {
    "": {
      "name": "fixture-bun-workspace",
      "dependencies": {
        "consola": "3.2.2",
      },
    },
    "packages/workspace-a": {
      "name": "workspace-a",
      "version": "0.0.0",
    },
  },
  "packages": {
    "consola": ["consola@3.2.2", "", {}, "sha512-r921u0vbF4lQsoIqYvSSER+yZLPQGijOHrYcWoCNVNBZmn/bRR+xT/DgerTze/nLD9TTGzdDa378TVhx7RDOYg=="],

    "workspace-a": ["workspace-a@workspace:packages/workspace-a"],
  }
}
