# This file is generated by running "yarn install" inside your project.
# Manual changes might be lost - proceed with caution!

__metadata:
  version: 6
  cacheKey: 8

"consola@npm:3.2.2":
  version: 3.2.2
  resolution: "consola@npm:3.2.2"
  checksum: 3c22102f74b4dc1519ab2a3096b1975a8b767f258027cef9888ca9d999ed79388e390b969474bce0b42aade73cd2689f62ca511e530a06bf842092f8ef1bf7a6
  languageName: node
  linkType: hard

"fixture-yarn-berry@workspace:.":
  version: 0.0.0-use.local
  resolution: "fixture-yarn-berry@workspace:."
  dependencies:
    consola: 3.2.2
    ufo: ^1.3.0
  languageName: unknown
  linkType: soft

"ufo@npm:^1.3.0":
  version: 1.3.0
  resolution: "ufo@npm:1.3.0"
  checksum: 01f0be86cd5c205ad1b49ebea985e000a4542c503ee75398302b0f5e4b9a6d9cd8e77af2dc614ab7bea08805fdfd9a85191fb3b5ee3df383cb936cf65e9db30d
  languageName: node
  linkType: hard

"workspace-a@workspace:packages/workspace-a":
  version: 0.0.0-use.local
  resolution: "workspace-a@workspace:packages/workspace-a"
  languageName: unknown
  linkType: soft
