lockfileVersion: '6.0'

settings:
  autoInstallPeers: true
  excludeLinksFromLockfile: false

importers:

  .:
    dependencies:
      consola:
        specifier: 3.2.2
        version: 3.2.2

  packages/workspace-a: {}

  workspace-a: {}

packages:

  /consola@3.2.2:
    resolution: {integrity: sha512-r921u0vbF4lQsoIqYvSSER+yZLPQGijOHrYcWoCNVNBZmn/bRR+xT/DgerTze/nLD9TTGzdDa378TVhx7RDOYg==}
    engines: {node: ^14.18.0 || >=16.10.0}
    dev: false
