# THIS IS AN AUTOGENERATED FILE. DO NOT EDIT THIS FILE DIRECTLY.
# yarn lockfile v1


consola@3.2.2:
  version "3.2.2"
  resolved "https://registry.yarnpkg.com/consola/-/consola-3.2.2.tgz#be9b295e1e556355a09ac475b4394016144e0c32"
  integrity sha512-r921u0vbF4lQsoIqYvSSER+yZLPQGijOHrYcWoCNVNBZmn/bRR+xT/DgerTze/nLD9TTGzdDa378TVhx7RDOYg==
