# This file is generated by running "yarn install" inside your project.
# Manual changes might be lost - proceed with caution!

__metadata:
  version: 6
  cacheKey: 8

"consola@npm:^3.4.2":
  version: 3.4.2
  resolution: "consola@npm:3.4.2"
  checksum: 32d1339e0505842f033ca34cb4572a841281caa367f438b785d3b284ab2a06134f009e605908480402c5f57f56c1e3210090c37e6417923416f76ce730d39361
  languageName: node
  linkType: hard

"fixture-yarn-berry@workspace:.":
  version: 0.0.0-use.local
  resolution: "fixture-yarn-berry@workspace:."
  dependencies:
    consola: ^3.4.2
  languageName: unknown
  linkType: soft
