# This file is generated by running "yarn install" inside your project.
# Manual changes might be lost - proceed with caution!

__metadata:
  version: 6

"fixture-yarn@workspace:.":
  version: 0.0.0-use.local
  resolution: "fixture-yarn@workspace:."
  languageName: unknown
  linkType: soft

"workspace-a-2ddc4d@workspace:packages/workspace-a":
  version: 0.0.0-use.local
  resolution: "workspace-a-2ddc4d@workspace:packages/workspace-a"
  languageName: unknown
  linkType: soft
