# THIS IS AN AUTOGENERATED FILE. DO NOT EDIT THIS FILE DIRECTLY.
# yarn lockfile v1


consola@3.2.2:
  version "3.2.2"
  resolved "https://registry.yarnpkg.com/consola/-/consola-3.2.2.tgz#be9b295e1e556355a09ac475b4394016144e0c32"
  integrity sha512-r921u0vbF4lQsoIqYvSSER+yZLPQGijOHrYcWoCNVNBZmn/bRR+xT/DgerTze/nLD9TTGzdDa378TVhx7RDOYg==

ufo@1.1.2:
  version "1.1.2"
  resolved "https://registry.yarnpkg.com/ufo/-/ufo-1.1.2.tgz#d0d9e0fa09dece0c31ffd57bd363f030a35cfe76"
  integrity sha512-TrY6DsjTQQgyS3E3dBaOXf0TpPD8u9FVrVYmKVegJuFw51n/YB9XPt+U6ydzFG5ZIN7+DIjPbNmXoBj9esYhgQ==
